PODS:
  - LFTwitterProfile (0.1.0):
    - SnapKit (= 5.6.0)
  - SnapKit (5.6.0)

DEPENDENCIES:
  - LFTwitterProfile (from `../`)

SPEC REPOS:
  trunk:
    - SnapKit

EXTERNAL SOURCES:
  LFTwitterProfile:
    :path: "../"

SPEC CHECKSUMS:
  LFTwitterProfile: 85082da045c1d56acecf5648560f236f8157c4e1
  SnapKit: e01d52ebb8ddbc333eefe2132acf85c8227d9c25

PODFILE CHECKSUM: ef0049ebdc78226e1f6ef642a91b6931edd9d6e2

COCOAPODS: 1.11.3
